
Microsoft Visual Studio Solution File, Format Version 12.00
# Visual Studio 2012
Project("{FAE04EC0-301F-11D3-BF4B-00C04F79EFBC}") = "WebContactClient", "WebContactClient\WebContactClient.csproj", "{9CFF9F06-1B7F-4AE7-9EE2-CAB935339385}"
EndProject
Project("{FAE04EC0-301F-11D3-BF4B-00C04F79EFBC}") = "WebContactClient.Tests", "WebContactClient.Tests\WebContactClient.Tests.csproj", "{C2A2ABB9-4EE5-4D99-A81D-6FBE0853D156}"
EndProject
Global
	GlobalSection(SolutionConfigurationPlatforms) = preSolution
		Debug|Any CPU = Debug|Any CPU
		Release|Any CPU = Release|Any CPU
	EndGlobalSection
	GlobalSection(ProjectConfigurationPlatforms) = postSolution
		{9CFF9F06-1B7F-4AE7-9EE2-CAB935339385}.Debug|Any CPU.ActiveCfg = Debug|Any CPU
		{9CFF9F06-1B7F-4AE7-9EE2-CAB935339385}.Debug|Any CPU.Build.0 = Debug|Any CPU
		{9CFF9F06-1B7F-4AE7-9EE2-CAB935339385}.Release|Any CPU.ActiveCfg = Release|Any CPU
		{9CFF9F06-1B7F-4AE7-9EE2-CAB935339385}.Release|Any CPU.Build.0 = Release|Any CPU
		{C2A2ABB9-4EE5-4D99-A81D-6FBE0853D156}.Debug|Any CPU.ActiveCfg = Debug|Any CPU
		{C2A2ABB9-4EE5-4D99-A81D-6FBE0853D156}.Debug|Any CPU.Build.0 = Debug|Any CPU
		{C2A2ABB9-4EE5-4D99-A81D-6FBE0853D156}.Release|Any CPU.ActiveCfg = Release|Any CPU
		{C2A2ABB9-4EE5-4D99-A81D-6FBE0853D156}.Release|Any CPU.Build.0 = Release|Any CPU
	EndGlobalSection
	GlobalSection(SolutionProperties) = preSolution
		HideSolutionNode = FALSE
	EndGlobalSection
EndGlobal
